
Microsoft Visual Studio Solution File, Format Version 12.00
# Visual Studio Version 16
VisualStudioVersion = 25.0.1706.5
MinimumVisualStudioVersion = 10.0.40219.1
Project("{FAE04EC0-301F-11D3-BF4B-00C04F79EFBC}") = "Task4", "Task4\Task4.csproj", "{D5963123-1AEA-43EE-A3D0-BAAAE4C444A4}"
EndProject
Global
	GlobalSection(SolutionConfigurationPlatforms) = preSolution
		Debug|Any CPU = Debug|Any CPU
		Release|Any CPU = Release|Any CPU
	EndGlobalSection
	GlobalSection(ProjectConfigurationPlatforms) = postSolution
		{D5963123-1AEA-43EE-A3D0-BAAAE4C444A4}.Debug|Any CPU.ActiveCfg = Debug|Any CPU
		{D5963123-1AEA-43EE-A3D0-BAAAE4C444A4}.Debug|Any CPU.Build.0 = Debug|Any CPU
		{D5963123-1AEA-43EE-A3D0-BAAAE4C444A4}.Release|Any CPU.ActiveCfg = Release|Any CPU
		{D5963123-1AEA-43EE-A3D0-BAAAE4C444A4}.Release|Any CPU.Build.0 = Release|Any CPU
	EndGlobalSection
	GlobalSection(SolutionProperties) = preSolution
		HideSolutionNode = FALSE
	EndGlobalSection
	GlobalSection(ExtensibilityGlobals) = postSolution
		SolutionGuid = {B8C60F66-2C8E-4A77-A6C1-99BAB146FCA1}
	EndGlobalSection
EndGlobal
